
Microsoft Visual Studio Solution File, Format Version 12.00
# Visual Studio Version 17
VisualStudioVersion = 17.3.32804.467
MinimumVisualStudioVersion = 10.0.40219.1
Project("{FAE04EC0-301F-11D3-BF4B-00C04F79EFBC}") = "SalesWebMvc", "SalesWebMvc\SalesWebMvc.csproj", "{3360CA88-1E9B-489D-BB65-F49D3747D858}"
EndProject
Global
	GlobalSection(SolutionConfigurationPlatforms) = preSolution
		Debug|Any CPU = Debug|Any CPU
		Release|Any CPU = Release|Any CPU
	EndGlobalSection
	GlobalSection(ProjectConfigurationPlatforms) = postSolution
		{3360CA88-1E9B-489D-BB65-F49D3747D858}.Debug|Any CPU.ActiveCfg = Debug|Any CPU
		{3360CA88-1E9B-489D-BB65-F49D3747D858}.Debug|Any CPU.Build.0 = Debug|Any CPU
		{3360CA88-1E9B-489D-BB65-F49D3747D858}.Release|Any CPU.ActiveCfg = Release|Any CPU
		{3360CA88-1E9B-489D-BB65-F49D3747D858}.Release|Any CPU.Build.0 = Release|Any CPU
	EndGlobalSection
	GlobalSection(SolutionProperties) = preSolution
		HideSolutionNode = FALSE
	EndGlobalSection
	GlobalSection(ExtensibilityGlobals) = postSolution
		SolutionGuid = {06F6A390-4350-44FB-B917-BF9642D0B1AE}
	EndGlobalSection
EndGlobal
